{
  "name": "suneditor",
  "lockfileVersion": 3,
  "requires": true,
  "packages": {
    "": {
      "dependencies": {
        "suneditor": "^2.45.1"
      }
    },
    "node_modules/suneditor": {
      "version": "2.45.1",
      "resolved": "https://registry.npmjs.org/suneditor/-/suneditor-2.45.1.tgz",
      "integrity": "sha512-fLxc0nLwd77vaPuf78D+VAFNAgX9hLps6h96JA/LUCpqt4LeYnEaIE1RfJojX+BhSA+krl5qZ8pdgqcoo3dN3g=="
    }
  }
}
